// !$*UTF8*$!
{
	archiveVersion = 1;
	classes = {
	};
	objectVersion = 56;
	objects = {

/* Begin PBXBuildFile section */
		3D85B4202B35655100F32D71 /* RLSSwiftUIApp.swift in Sources */ = {isa = PBXBuildFile; fileRef = 3D85B41F2B35655100F32D71 /* RLSSwiftUIApp.swift */; };
		3D85B4222B35655100F32D71 /* ContentView.swift in Sources */ = {isa = PBXBuildFile; fileRef = 3D85B4212B35655100F32D71 /* ContentView.swift */; };
		3D85B4242B35655200F32D71 /* Assets.xcassets in Resources */ = {isa = PBXBuildFile; fileRef = 3D85B4232B35655200F32D71 /* Assets.xcassets */; };
		3D85B4272B35655200F32D71 /* Preview Assets.xcassets in Resources */ = {isa = PBXBuildFile; fileRef = 3D85B4262B35655200F32D71 /* Preview Assets.xcassets */; };
		3D85B4312B35655200F32D71 /* RLSSwiftUITests.swift in Sources */ = {isa = PBXBuildFile; fileRef = 3D85B4302B35655200F32D71 /* RLSSwiftUITests.swift */; };
		3D85B43B2B35655200F32D71 /* RLSSwiftUIUITests.swift in Sources */ = {isa = PBXBuildFile; fileRef = 3D85B43A2B35655200F32D71 /* RLSSwiftUIUITests.swift */; };
		3D85B43D2B35655200F32D71 /* RLSSwiftUIUITestsLaunchTests.swift in Sources */ = {isa = PBXBuildFile; fileRef = 3D85B43C2B35655200F32D71 /* RLSSwiftUIUITestsLaunchTests.swift */; };
/* End PBXBuildFile section */

/* Begin PBXContainerItemProxy section */
		3D85B42D2B35655200F32D71 /* PBXContainerItemProxy */ = {
			isa = PBXContainerItemProxy;
			containerPortal = 3D85B4142B35655100F32D71 /* Project object */;
			proxyType = 1;
			remoteGlobalIDString = 3D85B41B2B35655100F32D71;
			remoteInfo = RLSSwiftUI;
		};
		3D85B4372B35655200F32D71 /* PBXContainerItemProxy */ = {
			isa = PBXContainerItemProxy;
			containerPortal = 3D85B4142B35655100F32D71 /* Project object */;
			proxyType = 1;
			remoteGlobalIDString = 3D85B41B2B35655100F32D71;
			remoteInfo = RLSSwiftUI;
		};
/* End PBXContainerItemProxy section */

/* Begin PBXFileReference section */
		3D85B41C2B35655100F32D71 /* RLSSwiftUI.app */ = {isa = PBXFileReference; explicitFileType = wrapper.application; includeInIndex = 0; path = RLSSwiftUI.app; sourceTree = BUILT_PRODUCTS_DIR; };
		3D85B41F2B35655100F32D71 /* RLSSwiftUIApp.swift */ = {isa = PBXFileReference; lastKnownFileType = sourcecode.swift; path = RLSSwiftUIApp.swift; sourceTree = "<group>"; };
		3D85B4212B35655100F32D71 /* ContentView.swift */ = {isa = PBXFileReference; lastKnownFileType = sourcecode.swift; path = ContentView.swift; sourceTree = "<group>"; };
		3D85B4232B35655200F32D71 /* Assets.xcassets */ = {isa = PBXFileReference; lastKnownFileType = folder.assetcatalog; path = Assets.xcassets; sourceTree = "<group>"; };
		3D85B4262B35655200F32D71 /* Preview Assets.xcassets */ = {isa = PBXFileReference; lastKnownFileType = folder.assetcatalog; path = "Preview Assets.xcassets"; sourceTree = "<group>"; };
		3D85B42C2B35655200F32D71 /* RLSSwiftUITests.xctest */ = {isa = PBXFileReference; explicitFileType = wrapper.cfbundle; includeInIndex = 0; path = RLSSwiftUITests.xctest; sourceTree = BUILT_PRODUCTS_DIR; };
		3D85B4302B35655200F32D71 /* RLSSwiftUITests.swift */ = {isa = PBXFileReference; lastKnownFileType = sourcecode.swift; path = RLSSwiftUITests.swift; sourceTree = "<group>"; };
		3D85B4362B35655200F32D71 /* RLSSwiftUIUITests.xctest */ = {isa = PBXFileReference; explicitFileType = wrapper.cfbundle; includeInIndex = 0; path = RLSSwiftUIUITests.xctest; sourceTree = BUILT_PRODUCTS_DIR; };
		3D85B43A2B35655200F32D71 /* RLSSwiftUIUITests.swift */ = {isa = PBXFileReference; lastKnownFileType = sourcecode.swift; path = RLSSwiftUIUITests.swift; sourceTree = "<group>"; };
		3D85B43C2B35655200F32D71 /* RLSSwiftUIUITestsLaunchTests.swift */ = {isa = PBXFileReference; lastKnownFileType = sourcecode.swift; path = RLSSwiftUIUITestsLaunchTests.swift; sourceTree = "<group>"; };
/* End PBXFileReference section */

/* Begin PBXFrameworksBuildPhase section */
		3D85B4192B35655100F32D71 /* Frameworks */ = {
			isa = PBXFrameworksBuildPhase;
			buildActionMask = 2147483647;
			files = (
			);
			runOnlyForDeploymentPostprocessing = 0;
		};
		3D85B4292B35655200F32D71 /* Frameworks */ = {
			isa = PBXFrameworksBuildPhase;
			buildActionMask = 2147483647;
			files = (
			);
			runOnlyForDeploymentPostprocessing = 0;
		};
		3D85B4332B35655200F32D71 /* Frameworks */ = {
			isa = PBXFrameworksBuildPhase;
			buildActionMask = 2147483647;
			files = (
			);
			runOnlyForDeploymentPostprocessing = 0;
		};
/* End PBXFrameworksBuildPhase section */

/* Begin PBXGroup section */
		3D85B4132B35655100F32D71 = {
			isa = PBXGroup;
			children = (
				3D85B41E2B35655100F32D71 /* RLSSwiftUI */,
				3D85B42F2B35655200F32D71 /* RLSSwiftUITests */,
				3D85B4392B35655200F32D71 /* RLSSwiftUIUITests */,
				3D85B41D2B35655100F32D71 /* Products */,
			);
			sourceTree = "<group>";
		};
		3D85B41D2B35655100F32D71 /* Products */ = {
			isa = PBXGroup;
			children = (
				3D85B41C2B35655100F32D71 /* RLSSwiftUI.app */,
				3D85B42C2B35655200F32D71 /* RLSSwiftUITests.xctest */,
				3D85B4362B35655200F32D71 /* RLSSwiftUIUITests.xctest */,
			);
			name = Products;
			sourceTree = "<group>";
		};
		3D85B41E2B35655100F32D71 /* RLSSwiftUI */ = {
			isa = PBXGroup;
			children = (
				3D85B41F2B35655100F32D71 /* RLSSwiftUIApp.swift */,
				3D85B4212B35655100F32D71 /* ContentView.swift */,
				3D85B4232B35655200F32D71 /* Assets.xcassets */,
				3D85B4252B35655200F32D71 /* Preview Content */,
			);
			path = RLSSwiftUI;
			sourceTree = "<group>";
		};
		3D85B4252B35655200F32D71 /* Preview Content */ = {
			isa = PBXGroup;
			children = (
				3D85B4262B35655200F32D71 /* Preview Assets.xcassets */,
			);
			path = "Preview Content";
			sourceTree = "<group>";
		};
		3D85B42F2B35655200F32D71 /* RLSSwiftUITests */ = {
			isa = PBXGroup;
			children = (
				3D85B4302B35655200F32D71 /* RLSSwiftUITests.swift */,
			);
			path = RLSSwiftUITests;
			sourceTree = "<group>";
		};
		3D85B4392B35655200F32D71 /* RLSSwiftUIUITests */ = {
			isa = PBXGroup;
			children = (
				3D85B43A2B35655200F32D71 /* RLSSwiftUIUITests.swift */,
				3D85B43C2B35655200F32D71 /* RLSSwiftUIUITestsLaunchTests.swift */,
			);
			path = RLSSwiftUIUITests;
			sourceTree = "<group>";
		};
/* End PBXGroup section */

/* Begin PBXNativeTarget section */
		3D85B41B2B35655100F32D71 /* RLSSwiftUI */ = {
			isa = PBXNativeTarget;
			buildConfigurationList = 3D85B4402B35655200F32D71 /* Build configuration list for PBXNativeTarget "RLSSwiftUI" */;
			buildPhases = (
				3D85B4182B35655100F32D71 /* Sources */,
				3D85B4192B35655100F32D71 /* Frameworks */,
				3D85B41A2B35655100F32D71 /* Resources */,
			);
			buildRules = (
			);
			dependencies = (
			);
			name = RLSSwiftUI;
			productName = RLSSwiftUI;
			productReference = 3D85B41C2B35655100F32D71 /* RLSSwiftUI.app */;
			productType = "com.apple.product-type.application";
		};
		3D85B42B2B35655200F32D71 /* RLSSwiftUITests */ = {
			isa = PBXNativeTarget;
			buildConfigurationList = 3D85B4432B35655200F32D71 /* Build configuration list for PBXNativeTarget "RLSSwiftUITests" */;
			buildPhases = (
				3D85B4282B35655200F32D71 /* Sources */,
				3D85B4292B35655200F32D71 /* Frameworks */,
				3D85B42A2B35655200F32D71 /* Resources */,
			);
			buildRules = (
			);
			dependencies = (
				3D85B42E2B35655200F32D71 /* PBXTargetDependency */,
			);
			name = RLSSwiftUITests;
			productName = RLSSwiftUITests;
			productReference = 3D85B42C2B35655200F32D71 /* RLSSwiftUITests.xctest */;
			productType = "com.apple.product-type.bundle.unit-test";
		};
		3D85B4352B35655200F32D71 /* RLSSwiftUIUITests */ = {
			isa = PBXNativeTarget;
			buildConfigurationList = 3D85B4462B35655200F32D71 /* Build configuration list for PBXNativeTarget "RLSSwiftUIUITests" */;
			buildPhases = (
				3D85B4322B35655200F32D71 /* Sources */,
				3D85B4332B35655200F32D71 /* Frameworks */,
				3D85B4342B35655200F32D71 /* Resources */,
			);
			buildRules = (
			);
			dependencies = (
				3D85B4382B35655200F32D71 /* PBXTargetDependency */,
			);
			name = RLSSwiftUIUITests;
			productName = RLSSwiftUIUITests;
			productReference = 3D85B4362B35655200F32D71 /* RLSSwiftUIUITests.xctest */;
			productType = "com.apple.product-type.bundle.ui-testing";
		};
/* End PBXNativeTarget section */

/* Begin PBXProject section */
		3D85B4142B35655100F32D71 /* Project object */ = {
			isa = PBXProject;
			attributes = {
				BuildIndependentTargetsInParallel = 1;
				LastSwiftUpdateCheck = 1510;
				LastUpgradeCheck = 1510;
				TargetAttributes = {
					3D85B41B2B35655100F32D71 = {
						CreatedOnToolsVersion = 15.1;
					};
					3D85B42B2B35655200F32D71 = {
						CreatedOnToolsVersion = 15.1;
						TestTargetID = 3D85B41B2B35655100F32D71;
					};
					3D85B4352B35655200F32D71 = {
						CreatedOnToolsVersion = 15.1;
						TestTargetID = 3D85B41B2B35655100F32D71;
					};
				};
			};
			buildConfigurationList = 3D85B4172B35655100F32D71 /* Build configuration list for PBXProject "RLSSwiftUI" */;
			compatibilityVersion = "Xcode 14.0";
			developmentRegion = en;
			hasScannedForEncodings = 0;
			knownRegions = (
				en,
				Base,
			);
			mainGroup = 3D85B4132B35655100F32D71;
			productRefGroup = 3D85B41D2B35655100F32D71 /* Products */;
			projectDirPath = "";
			projectRoot = "";
			targets = (
				3D85B41B2B35655100F32D71 /* RLSSwiftUI */,
				3D85B42B2B35655200F32D71 /* RLSSwiftUITests */,
				3D85B4352B35655200F32D71 /* RLSSwiftUIUITests */,
			);
		};
/* End PBXProject section */

/* Begin PBXResourcesBuildPhase section */
		3D85B41A2B35655100F32D71 /* Resources */ = {
			isa = PBXResourcesBuildPhase;
			buildActionMask = 2147483647;
			files = (
				3D85B4272B35655200F32D71 /* Preview Assets.xcassets in Resources */,
				3D85B4242B35655200F32D71 /* Assets.xcassets in Resources */,
			);
			runOnlyForDeploymentPostprocessing = 0;
		};
		3D85B42A2B35655200F32D71 /* Resources */ = {
			isa = PBXResourcesBuildPhase;
			buildActionMask = 2147483647;
			files = (
			);
			runOnlyForDeploymentPostprocessing = 0;
		};
		3D85B4342B35655200F32D71 /* Resources */ = {
			isa = PBXResourcesBuildPhase;
			buildActionMask = 2147483647;
			files = (
			);
			runOnlyForDeploymentPostprocessing = 0;
		};
/* End PBXResourcesBuildPhase section */

/* Begin PBXSourcesBuildPhase section */
		3D85B4182B35655100F32D71 /* Sources */ = {
			isa = PBXSourcesBuildPhase;
			buildActionMask = 2147483647;
			files = (
				3D85B4222B35655100F32D71 /* ContentView.swift in Sources */,
				3D85B4202B35655100F32D71 /* RLSSwiftUIApp.swift in Sources */,
			);
			runOnlyForDeploymentPostprocessing = 0;
		};
		3D85B4282B35655200F32D71 /* Sources */ = {
			isa = PBXSourcesBuildPhase;
			buildActionMask = 2147483647;
			files = (
				3D85B4312B35655200F32D71 /* RLSSwiftUITests.swift in Sources */,
			);
			runOnlyForDeploymentPostprocessing = 0;
		};
		3D85B4322B35655200F32D71 /* Sources */ = {
			isa = PBXSourcesBuildPhase;
			buildActionMask = 2147483647;
			files = (
				3D85B43D2B35655200F32D71 /* RLSSwiftUIUITestsLaunchTests.swift in Sources */,
				3D85B43B2B35655200F32D71 /* RLSSwiftUIUITests.swift in Sources */,
			);
			runOnlyForDeploymentPostprocessing = 0;
		};
/* End PBXSourcesBuildPhase section */

/* Begin PBXTargetDependency section */
		3D85B42E2B35655200F32D71 /* PBXTargetDependency */ = {
			isa = PBXTargetDependency;
			target = 3D85B41B2B35655100F32D71 /* RLSSwiftUI */;
			targetProxy = 3D85B42D2B35655200F32D71 /* PBXContainerItemProxy */;
		};
		3D85B4382B35655200F32D71 /* PBXTargetDependency */ = {
			isa = PBXTargetDependency;
			target = 3D85B41B2B35655100F32D71 /* RLSSwiftUI */;
			targetProxy = 3D85B4372B35655200F32D71 /* PBXContainerItemProxy */;
		};
/* End PBXTargetDependency section */

/* Begin XCBuildConfiguration section */
		3D85B43E2B35655200F32D71 /* Debug */ = {
			isa = XCBuildConfiguration;
			buildSettings = {
				ALWAYS_SEARCH_USER_PATHS = NO;
				ASSETCATALOG_COMPILER_GENERATE_SWIFT_ASSET_SYMBOL_EXTENSIONS = YES;
				CLANG_ANALYZER_NONNULL = YES;
				CLANG_ANALYZER_NUMBER_OBJECT_CONVERSION = YES_AGGRESSIVE;
				CLANG_CXX_LANGUAGE_STANDARD = "gnu++20";
				CLANG_ENABLE_MODULES = YES;
				CLANG_ENABLE_OBJC_ARC = YES;
				CLANG_ENABLE_OBJC_WEAK = YES;
				CLANG_WARN_BLOCK_CAPTURE_AUTORELEASING = YES;
				CLANG_WARN_BOOL_CONVERSION = YES;
				CLANG_WARN_COMMA = YES;
				CLANG_WARN_CONSTANT_CONVERSION = YES;
				CLANG_WARN_DEPRECATED_OBJC_IMPLEMENTATIONS = YES;
				CLANG_WARN_DIRECT_OBJC_ISA_USAGE = YES_ERROR;
				CLANG_WARN_DOCUMENTATION_COMMENTS = YES;
				CLANG_WARN_EMPTY_BODY = YES;
				CLANG_WARN_ENUM_CONVERSION = YES;
				CLANG_WARN_INFINITE_RECURSION = YES;
				CLANG_WARN_INT_CONVERSION = YES;
				CLANG_WARN_NON_LITERAL_NULL_CONVERSION = YES;
				CLANG_WARN_OBJC_IMPLICIT_RETAIN_SELF = YES;
				CLANG_WARN_OBJC_LITERAL_CONVERSION = YES;
				CLANG_WARN_OBJC_ROOT_CLASS = YES_ERROR;
				CLANG_WARN_QUOTED_INCLUDE_IN_FRAMEWORK_HEADER = YES;
				CLANG_WARN_RANGE_LOOP_ANALYSIS = YES;
				CLANG_WARN_STRICT_PROTOTYPES = YES;
				CLANG_WARN_SUSPICIOUS_MOVE = YES;
				CLANG_WARN_UNGUARDED_AVAILABILITY = YES_AGGRESSIVE;
				CLANG_WARN_UNREACHABLE_CODE = YES;
				CLANG_WARN__DUPLICATE_METHOD_MATCH = YES;
				COPY_PHASE_STRIP = NO;
				DEBUG_INFORMATION_FORMAT = dwarf;
				ENABLE_STRICT_OBJC_MSGSEND = YES;
				ENABLE_TESTABILITY = YES;
				ENABLE_USER_SCRIPT_SANDBOXING = YES;
				GCC_C_LANGUAGE_STANDARD = gnu17;
				GCC_DYNAMIC_NO_PIC = NO;
				GCC_NO_COMMON_BLOCKS = YES;
				GCC_OPTIMIZATION_LEVEL = 0;
				GCC_PREPROCESSOR_DEFINITIONS = (
					"DEBUG=1",
					"$(inherited)",
				);
				GCC_WARN_64_TO_32_BIT_CONVERSION = YES;
				GCC_WARN_ABOUT_RETURN_TYPE = YES_ERROR;
				GCC_WARN_UNDECLARED_SELECTOR = YES;
				GCC_WARN_UNINITIALIZED_AUTOS = YES_AGGRESSIVE;
				GCC_WARN_UNUSED_FUNCTION = YES;
				GCC_WARN_UNUSED_VARIABLE = YES;
				IPHONEOS_DEPLOYMENT_TARGET = 17.2;
				LOCALIZATION_PREFERS_STRING_CATALOGS = YES;
				MTL_ENABLE_DEBUG_INFO = INCLUDE_SOURCE;
				MTL_FAST_MATH = YES;
				ONLY_ACTIVE_ARCH = YES;
				SDKROOT = iphoneos;
				SWIFT_ACTIVE_COMPILATION_CONDITIONS = "DEBUG $(inherited)";
				SWIFT_OPTIMIZATION_LEVEL = "-Onone";
			};
			name = Debug;
		};
		3D85B43F2B35655200F32D71 /* Release */ = {
			isa = XCBuildConfiguration;
			buildSettings = {
				ALWAYS_SEARCH_USER_PATHS = NO;
				ASSETCATALOG_COMPILER_GENERATE_SWIFT_ASSET_SYMBOL_EXTENSIONS = YES;
				CLANG_ANALYZER_NONNULL = YES;
				CLANG_ANALYZER_NUMBER_OBJECT_CONVERSION = YES_AGGRESSIVE;
				CLANG_CXX_LANGUAGE_STANDARD = "gnu++20";
				CLANG_ENABLE_MODULES = YES;
				CLANG_ENABLE_OBJC_ARC = YES;
				CLANG_ENABLE_OBJC_WEAK = YES;
				CLANG_WARN_BLOCK_CAPTURE_AUTORELEASING = YES;
				CLANG_WARN_BOOL_CONVERSION = YES;
				CLANG_WARN_COMMA = YES;
				CLANG_WARN_CONSTANT_CONVERSION = YES;
				CLANG_WARN_DEPRECATED_OBJC_IMPLEMENTATIONS = YES;
				CLANG_WARN_DIRECT_OBJC_ISA_USAGE = YES_ERROR;
				CLANG_WARN_DOCUMENTATION_COMMENTS = YES;
				CLANG_WARN_EMPTY_BODY = YES;
				CLANG_WARN_ENUM_CONVERSION = YES;
				CLANG_WARN_INFINITE_RECURSION = YES;
				CLANG_WARN_INT_CONVERSION = YES;
				CLANG_WARN_NON_LITERAL_NULL_CONVERSION = YES;
				CLANG_WARN_OBJC_IMPLICIT_RETAIN_SELF = YES;
				CLANG_WARN_OBJC_LITERAL_CONVERSION = YES;
				CLANG_WARN_OBJC_ROOT_CLASS = YES_ERROR;
				CLANG_WARN_QUOTED_INCLUDE_IN_FRAMEWORK_HEADER = YES;
				CLANG_WARN_RANGE_LOOP_ANALYSIS = YES;
				CLANG_WARN_STRICT_PROTOTYPES = YES;
				CLANG_WARN_SUSPICIOUS_MOVE = YES;
				CLANG_WARN_UNGUARDED_AVAILABILITY = YES_AGGRESSIVE;
				CLANG_WARN_UNREACHABLE_CODE = YES;
				CLANG_WARN__DUPLICATE_METHOD_MATCH = YES;
				COPY_PHASE_STRIP = NO;
				DEBUG_INFORMATION_FORMAT = "dwarf-with-dsym";
				ENABLE_NS_ASSERTIONS = NO;
				ENABLE_STRICT_OBJC_MSGSEND = YES;
				ENABLE_USER_SCRIPT_SANDBOXING = YES;
				GCC_C_LANGUAGE_STANDARD = gnu17;
				GCC_NO_COMMON_BLOCKS = YES;
				GCC_WARN_64_TO_32_BIT_CONVERSION = YES;
				GCC_WARN_ABOUT_RETURN_TYPE = YES_ERROR;
				GCC_WARN_UNDECLARED_SELECTOR = YES;
				GCC_WARN_UNINITIALIZED_AUTOS = YES_AGGRESSIVE;
				GCC_WARN_UNUSED_FUNCTION = YES;
				GCC_WARN_UNUSED_VARIABLE = YES;
				IPHONEOS_DEPLOYMENT_TARGET = 17.2;
				LOCALIZATION_PREFERS_STRING_CATALOGS = YES;
				MTL_ENABLE_DEBUG_INFO = NO;
				MTL_FAST_MATH = YES;
				SDKROOT = iphoneos;
				SWIFT_COMPILATION_MODE = wholemodule;
				VALIDATE_PRODUCT = YES;
			};
			name = Release;
		};
		3D85B4412B35655200F32D71 /* Debug */ = {
			isa = XCBuildConfiguration;
			buildSettings = {
				ASSETCATALOG_COMPILER_APPICON_NAME = AppIcon;
				ASSETCATALOG_COMPILER_GLOBAL_ACCENT_COLOR_NAME = AccentColor;
				CODE_SIGN_STYLE = Automatic;
				CURRENT_PROJECT_VERSION = 1;
				DEVELOPMENT_ASSET_PATHS = "\"RLSSwiftUI/Preview Content\"";
				ENABLE_PREVIEWS = YES;
				GENERATE_INFOPLIST_FILE = YES;
				INFOPLIST_KEY_UIApplicationSceneManifest_Generation = YES;
				INFOPLIST_KEY_UIApplicationSupportsIndirectInputEvents = YES;
				INFOPLIST_KEY_UILaunchScreen_Generation = YES;
				INFOPLIST_KEY_UISupportedInterfaceOrientations_iPad = "UIInterfaceOrientationPortrait UIInterfaceOrientationPortraitUpsideDown UIInterfaceOrientationLandscapeLeft UIInterfaceOrientationLandscapeRight";
				INFOPLIST_KEY_UISupportedInterfaceOrientations_iPhone = "UIInterfaceOrientationPortrait UIInterfaceOrientationLandscapeLeft UIInterfaceOrientationLandscapeRight";
				LD_RUNPATH_SEARCH_PATHS = (
					"$(inherited)",
					"@executable_path/Frameworks",
				);
				MARKETING_VERSION = 1.0;
				PRODUCT_BUNDLE_IDENTIFIER = com.demo.RLSSwiftUI;
				PRODUCT_NAME = "$(TARGET_NAME)";
				SWIFT_EMIT_LOC_STRINGS = YES;
				SWIFT_VERSION = 5.0;
				TARGETED_DEVICE_FAMILY = "1,2";
			};
			name = Debug;
		};
		3D85B4422B35655200F32D71 /* Release */ = {
			isa = XCBuildConfiguration;
			buildSettings = {
				ASSETCATALOG_COMPILER_APPICON_NAME = AppIcon;
				ASSETCATALOG_COMPILER_GLOBAL_ACCENT_COLOR_NAME = AccentColor;
				CODE_SIGN_STYLE = Automatic;
				CURRENT_PROJECT_VERSION = 1;
				DEVELOPMENT_ASSET_PATHS = "\"RLSSwiftUI/Preview Content\"";
				ENABLE_PREVIEWS = YES;
				GENERATE_INFOPLIST_FILE = YES;
				INFOPLIST_KEY_UIApplicationSceneManifest_Generation = YES;
				INFOPLIST_KEY_UIApplicationSupportsIndirectInputEvents = YES;
				INFOPLIST_KEY_UILaunchScreen_Generation = YES;
				INFOPLIST_KEY_UISupportedInterfaceOrientations_iPad = "UIInterfaceOrientationPortrait UIInterfaceOrientationPortraitUpsideDown UIInterfaceOrientationLandscapeLeft UIInterfaceOrientationLandscapeRight";
				INFOPLIST_KEY_UISupportedInterfaceOrientations_iPhone = "UIInterfaceOrientationPortrait UIInterfaceOrientationLandscapeLeft UIInterfaceOrientationLandscapeRight";
				LD_RUNPATH_SEARCH_PATHS = (
					"$(inherited)",
					"@executable_path/Frameworks",
				);
				MARKETING_VERSION = 1.0;
				PRODUCT_BUNDLE_IDENTIFIER = com.demo.RLSSwiftUI;
				PRODUCT_NAME = "$(TARGET_NAME)";
				SWIFT_EMIT_LOC_STRINGS = YES;
				SWIFT_VERSION = 5.0;
				TARGETED_DEVICE_FAMILY = "1,2";
			};
			name = Release;
		};
		3D85B4442B35655200F32D71 /* Debug */ = {
			isa = XCBuildConfiguration;
			buildSettings = {
				ALWAYS_EMBED_SWIFT_STANDARD_LIBRARIES = YES;
				BUNDLE_LOADER = "$(TEST_HOST)";
				CODE_SIGN_STYLE = Automatic;
				CURRENT_PROJECT_VERSION = 1;
				GENERATE_INFOPLIST_FILE = YES;
				IPHONEOS_DEPLOYMENT_TARGET = 17.2;
				MARKETING_VERSION = 1.0;
				PRODUCT_BUNDLE_IDENTIFIER = com.demo.RLSSwiftUITests;
				PRODUCT_NAME = "$(TARGET_NAME)";
				SWIFT_EMIT_LOC_STRINGS = NO;
				SWIFT_VERSION = 5.0;
				TARGETED_DEVICE_FAMILY = "1,2";
				TEST_HOST = "$(BUILT_PRODUCTS_DIR)/RLSSwiftUI.app/$(BUNDLE_EXECUTABLE_FOLDER_PATH)/RLSSwiftUI";
			};
			name = Debug;
		};
		3D85B4452B35655200F32D71 /* Release */ = {
			isa = XCBuildConfiguration;
			buildSettings = {
				ALWAYS_EMBED_SWIFT_STANDARD_LIBRARIES = YES;
				BUNDLE_LOADER = "$(TEST_HOST)";
				CODE_SIGN_STYLE = Automatic;
				CURRENT_PROJECT_VERSION = 1;
				GENERATE_INFOPLIST_FILE = YES;
				IPHONEOS_DEPLOYMENT_TARGET = 17.2;
				MARKETING_VERSION = 1.0;
				PRODUCT_BUNDLE_IDENTIFIER = com.demo.RLSSwiftUITests;
				PRODUCT_NAME = "$(TARGET_NAME)";
				SWIFT_EMIT_LOC_STRINGS = NO;
				SWIFT_VERSION = 5.0;
				TARGETED_DEVICE_FAMILY = "1,2";
				TEST_HOST = "$(BUILT_PRODUCTS_DIR)/RLSSwiftUI.app/$(BUNDLE_EXECUTABLE_FOLDER_PATH)/RLSSwiftUI";
			};
			name = Release;
		};
		3D85B4472B35655200F32D71 /* Debug */ = {
			isa = XCBuildConfiguration;
			buildSettings = {
				ALWAYS_EMBED_SWIFT_STANDARD_LIBRARIES = YES;
				CODE_SIGN_STYLE = Automatic;
				CURRENT_PROJECT_VERSION = 1;
				GENERATE_INFOPLIST_FILE = YES;
				MARKETING_VERSION = 1.0;
				PRODUCT_BUNDLE_IDENTIFIER = com.demo.RLSSwiftUIUITests;
				PRODUCT_NAME = "$(TARGET_NAME)";
				SWIFT_EMIT_LOC_STRINGS = NO;
				SWIFT_VERSION = 5.0;
				TARGETED_DEVICE_FAMILY = "1,2";
				TEST_TARGET_NAME = RLSSwiftUI;
			};
			name = Debug;
		};
		3D85B4482B35655200F32D71 /* Release */ = {
			isa = XCBuildConfiguration;
			buildSettings = {
				ALWAYS_EMBED_SWIFT_STANDARD_LIBRARIES = YES;
				CODE_SIGN_STYLE = Automatic;
				CURRENT_PROJECT_VERSION = 1;
				GENERATE_INFOPLIST_FILE = YES;
				MARKETING_VERSION = 1.0;
				PRODUCT_BUNDLE_IDENTIFIER = com.demo.RLSSwiftUIUITests;
				PRODUCT_NAME = "$(TARGET_NAME)";
				SWIFT_EMIT_LOC_STRINGS = NO;
				SWIFT_VERSION = 5.0;
				TARGETED_DEVICE_FAMILY = "1,2";
				TEST_TARGET_NAME = RLSSwiftUI;
			};
			name = Release;
		};
/* End XCBuildConfiguration section */

/* Begin XCConfigurationList section */
		3D85B4172B35655100F32D71 /* Build configuration list for PBXProject "RLSSwiftUI" */ = {
			isa = XCConfigurationList;
			buildConfigurations = (
				3D85B43E2B35655200F32D71 /* Debug */,
				3D85B43F2B35655200F32D71 /* Release */,
			);
			defaultConfigurationIsVisible = 0;
			defaultConfigurationName = Release;
		};
		3D85B4402B35655200F32D71 /* Build configuration list for PBXNativeTarget "RLSSwiftUI" */ = {
			isa = XCConfigurationList;
			buildConfigurations = (
				3D85B4412B35655200F32D71 /* Debug */,
				3D85B4422B35655200F32D71 /* Release */,
			);
			defaultConfigurationIsVisible = 0;
			defaultConfigurationName = Release;
		};
		3D85B4432B35655200F32D71 /* Build configuration list for PBXNativeTarget "RLSSwiftUITests" */ = {
			isa = XCConfigurationList;
			buildConfigurations = (
				3D85B4442B35655200F32D71 /* Debug */,
				3D85B4452B35655200F32D71 /* Release */,
			);
			defaultConfigurationIsVisible = 0;
			defaultConfigurationName = Release;
		};
		3D85B4462B35655200F32D71 /* Build configuration list for PBXNativeTarget "RLSSwiftUIUITests" */ = {
			isa = XCConfigurationList;
			buildConfigurations = (
				3D85B4472B35655200F32D71 /* Debug */,
				3D85B4482B35655200F32D71 /* Release */,
			);
			defaultConfigurationIsVisible = 0;
			defaultConfigurationName = Release;
		};
/* End XCConfigurationList section */
	};
	rootObject = 3D85B4142B35655100F32D71 /* Project object */;
}
